<?xml version="1.0" encoding="utf-8"?>
<Project ToolsVersion="4.0" xmlns="http://schemas.microsoft.com/developer/msbuild/2003">
  <ItemGroup>
    <Filter Include="Source Files">
      <UniqueIdentifier>{4FC737F1-C7A5-4376-A066-2A32D752A2FF}</UniqueIdentifier>
      <Extensions>cpp;c;cc;cxx;def;odl;idl;hpj;bat;asm;asmx</Extensions>
    </Filter>
    <Filter Include="Header Files">
      <UniqueIdentifier>{93995380-89BD-4b04-88EB-625FBE52EBFB}</UniqueIdentifier>
      <Extensions>h;hh;hpp;hxx;hm;inl;inc;xsd</Extensions>
    </Filter>
    <Filter Include="Resource Files">
      <UniqueIdentifier>{67DA6AB6-F800-4c08-8B7A-83BB121AAD01}</UniqueIdentifier>
      <Extensions>rc;ico;cur;bmp;dlg;rc2;rct;bin;rgs;gif;jpg;jpeg;jpe;resx;tiff;tif;png;wav</Extensions>
    </Filter>
    <Filter Include="Vendor">
      <UniqueIdentifier>{ca781b68-f513-4c45-9547-6ee604340bed}</UniqueIdentifier>
    </Filter>
    <Filter Include="Vendor\ImGuiFileDialog">
      <UniqueIdentifier>{f37871c8-7ddf-4e0b-be4d-15529768fc57}</UniqueIdentifier>
    </Filter>
  </ItemGroup>
  <ItemGroup>
    <None Include="shell.html" />
    <None Include="vcpkg.json" />
  </ItemGroup>
  <ItemGroup>
    <ClCompile Include="src\main_glfw_opengl3.cpp">
      <Filter>Source Files</Filter>
    </ClCompile>
    <ClCompile Include="src\main_window.cpp">
      <Filter>Source Files</Filter>
    </ClCompile>
    <ClCompile Include="src\sources\ims_buffer.cpp">
      <Filter>Source Files</Filter>
    </ClCompile>
    <ClCompile Include="src\sources\ims_generator.cpp">
      <Filter>Source Files</Filter>
    </ClCompile>
    <ClCompile Include="src\sources\ims_gui.cpp">
      <Filter>Source Files</Filter>
    </ClCompile>
    <ClCompile Include="src\sources\ims_object.cpp">
      <Filter>Source Files</Filter>
    </ClCompile>
    <ClCompile Include="src\utils\HyperlinkHelper.cpp">
      <Filter>Source Files</Filter>
    </ClCompile>
    <ClCompile Include="src\utils\ims_utils.cpp">
      <Filter>Source Files</Filter>
    </ClCompile>
    <ClCompile Include="src\utils\JsClipboardTricks.cpp">
      <Filter>Source Files</Filter>
    </ClCompile>
    <ClCompile Include="src\sources\ims_generator_lua.cpp">
      <Filter>Source Files</Filter>
    </ClCompile>
    <ClCompile Include="src\sources\ims_serializer.cpp">
      <Filter>Source Files</Filter>
    </ClCompile>
    <ClCompile Include="src\sources\ims_gui_menubar.cpp">
      <Filter>Source Files</Filter>
    </ClCompile>
    <ClCompile Include="src\sources\ims_gui_output.cpp">
      <Filter>Source Files</Filter>
    </ClCompile>
    <ClCompile Include="src\sources\ims_gui_properties.cpp">
      <Filter>Source Files</Filter>
    </ClCompile>
    <ClCompile Include="src\sources\ims_gui_sidebar.cpp">
      <Filter>Source Files</Filter>
    </ClCompile>
    <ClCompile Include="src\sources\ims_gui_viewport.cpp">
      <Filter>Source Files</Filter>
    </ClCompile>
    <ClCompile Include="src\sources\ims_object_draw.cpp">
      <Filter>Source Files</Filter>
    </ClCompile>
    <ClCompile Include="Vendor\ImGuiFileDialog\ImGuiFileDialog.cpp">
      <Filter>Vendor\ImGuiFileDialog</Filter>
    </ClCompile>
  </ItemGroup>
  <ItemGroup>
    <ClInclude Include="src\main_window.h">
      <Filter>Header Files</Filter>
    </ClInclude>
    <ClInclude Include="src\sources\ims_buffer.h">
      <Filter>Header Files</Filter>
    </ClInclude>
    <ClInclude Include="src\sources\ims_generator.h">
      <Filter>Header Files</Filter>
    </ClInclude>
    <ClInclude Include="src\sources\ims_gui.h">
      <Filter>Header Files</Filter>
    </ClInclude>
    <ClInclude Include="src\sources\ims_object.h">
      <Filter>Header Files</Filter>
    </ClInclude>
    <ClInclude Include="src\utils\HyperlinkHelper.h">
      <Filter>Header Files</Filter>
    </ClInclude>
    <ClInclude Include="src\utils\ims_utils.h">
      <Filter>Header Files</Filter>
    </ClInclude>
    <ClInclude Include="src\utils\JsClipboardTricks.h">
      <Filter>Header Files</Filter>
    </ClInclude>
    <ClInclude Include="src\sources\ims_generator_lua.h">
      <Filter>Header Files</Filter>
    </ClInclude>
    <ClInclude Include="src\sources\ims_serializer.h">
      <Filter>Header Files</Filter>
    </ClInclude>
    <ClInclude Include="Vendor\ImGuiFileDialog\ImGuiFileDialog.h">
      <Filter>Vendor\ImGuiFileDialog</Filter>
    </ClInclude>
    <ClInclude Include="Vendor\ImGuiFileDialog\ImGuiFileDialogConfig.h">
      <Filter>Vendor\ImGuiFileDialog</Filter>
    </ClInclude>
  </ItemGroup>
</Project>